
Microsoft Visual Studio Solution File, Format Version 12.00
# Visual Studio Version 17
VisualStudioVersion = 17.6.33723.286
MinimumVisualStudioVersion = 10.0.40219.1
Project("{9A19103F-16F7-4668-BE54-9A1E7A4F7556}") = "BlogProject.Entity", "BlogProject\BlogProject.Entity.csproj", "{3B5314E3-8A09-4DD3-832C-9C6948DF66C6}"
EndProject
Project("{9A19103F-16F7-4668-BE54-9A1E7A4F7556}") = "BlogProject.DAL", "BlogProject.DAL\BlogProject.DAL.csproj", "{0FE4034A-562D-4AB6-B265-58376DC37717}"
EndProject
Project("{9A19103F-16F7-4668-BE54-9A1E7A4F7556}") = "BlogProject.Business", "BlogProject.Business\BlogProject.Business.csproj", "{FC066880-9621-440C-A0C5-49E97A9DBDC0}"
EndProject
Project("{9A19103F-16F7-4668-BE54-9A1E7A4F7556}") = "BlogProject.Api", "BlogProject.Api\BlogProject.Api.csproj", "{9D5F37FB-A59E-4798-9CF9-CF9C3B88041B}"
EndProject
Project("{FAE04EC0-301F-11D3-BF4B-00C04F79EFBC}") = "BlogProject.Helper", "BlogProject.Helper\BlogProject.Helper.csproj", "{45E04640-DA18-4925-A4F8-6563036947CB}"
EndProject
Global
	GlobalSection(SolutionConfigurationPlatforms) = preSolution
		Debug|Any CPU = Debug|Any CPU
		Release|Any CPU = Release|Any CPU
	EndGlobalSection
	GlobalSection(ProjectConfigurationPlatforms) = postSolution
		{3B5314E3-8A09-4DD3-832C-9C6948DF66C6}.Debug|Any CPU.ActiveCfg = Debug|Any CPU
		{3B5314E3-8A09-4DD3-832C-9C6948DF66C6}.Debug|Any CPU.Build.0 = Debug|Any CPU
		{3B5314E3-8A09-4DD3-832C-9C6948DF66C6}.Release|Any CPU.ActiveCfg = Release|Any CPU
		{3B5314E3-8A09-4DD3-832C-9C6948DF66C6}.Release|Any CPU.Build.0 = Release|Any CPU
		{0FE4034A-562D-4AB6-B265-58376DC37717}.Debug|Any CPU.ActiveCfg = Debug|Any CPU
		{0FE4034A-562D-4AB6-B265-58376DC37717}.Debug|Any CPU.Build.0 = Debug|Any CPU
		{0FE4034A-562D-4AB6-B265-58376DC37717}.Release|Any CPU.ActiveCfg = Release|Any CPU
		{0FE4034A-562D-4AB6-B265-58376DC37717}.Release|Any CPU.Build.0 = Release|Any CPU
		{FC066880-9621-440C-A0C5-49E97A9DBDC0}.Debug|Any CPU.ActiveCfg = Debug|Any CPU
		{FC066880-9621-440C-A0C5-49E97A9DBDC0}.Debug|Any CPU.Build.0 = Debug|Any CPU
		{FC066880-9621-440C-A0C5-49E97A9DBDC0}.Release|Any CPU.ActiveCfg = Release|Any CPU
		{FC066880-9621-440C-A0C5-49E97A9DBDC0}.Release|Any CPU.Build.0 = Release|Any CPU
		{9D5F37FB-A59E-4798-9CF9-CF9C3B88041B}.Debug|Any CPU.ActiveCfg = Debug|Any CPU
		{9D5F37FB-A59E-4798-9CF9-CF9C3B88041B}.Debug|Any CPU.Build.0 = Debug|Any CPU
		{9D5F37FB-A59E-4798-9CF9-CF9C3B88041B}.Release|Any CPU.ActiveCfg = Release|Any CPU
		{9D5F37FB-A59E-4798-9CF9-CF9C3B88041B}.Release|Any CPU.Build.0 = Release|Any CPU
		{45E04640-DA18-4925-A4F8-6563036947CB}.Debug|Any CPU.ActiveCfg = Debug|Any CPU
		{45E04640-DA18-4925-A4F8-6563036947CB}.Debug|Any CPU.Build.0 = Debug|Any CPU
		{45E04640-DA18-4925-A4F8-6563036947CB}.Release|Any CPU.ActiveCfg = Release|Any CPU
		{45E04640-DA18-4925-A4F8-6563036947CB}.Release|Any CPU.Build.0 = Release|Any CPU
	EndGlobalSection
	GlobalSection(SolutionProperties) = preSolution
		HideSolutionNode = FALSE
	EndGlobalSection
	GlobalSection(ExtensibilityGlobals) = postSolution
		SolutionGuid = {9DBACE7E-65CF-4B4E-8FAA-E190F36C4E2E}
	EndGlobalSection
EndGlobal
